
Microsoft Visual Studio Solution File, Format Version 12.00
# Visual Studio Version 16
VisualStudioVersion = 16.0.30002.166
MinimumVisualStudioVersion = 10.0.40219.1
Project("{F184B08F-C81C-45F6-A57F-5ABD9991F28F}") = "CloudWebAppVasumathiWebsite", "CloudWebAppVasumathiWebsite\CloudWebAppVasumathiWebsite.vbproj", "{D3A34FDC-793D-4826-BC22-E94E2E4051C1}"
EndProject
Global
	GlobalSection(SolutionConfigurationPlatforms) = preSolution
		Debug|Any CPU = Debug|Any CPU
		Release|Any CPU = Release|Any CPU
	EndGlobalSection
	GlobalSection(ProjectConfigurationPlatforms) = postSolution
		{D3A34FDC-793D-4826-BC22-E94E2E4051C1}.Debug|Any CPU.ActiveCfg = Debug|Any CPU
		{D3A34FDC-793D-4826-BC22-E94E2E4051C1}.Debug|Any CPU.Build.0 = Debug|Any CPU
		{D3A34FDC-793D-4826-BC22-E94E2E4051C1}.Release|Any CPU.ActiveCfg = Release|Any CPU
		{D3A34FDC-793D-4826-BC22-E94E2E4051C1}.Release|Any CPU.Build.0 = Release|Any CPU
	EndGlobalSection
	GlobalSection(SolutionProperties) = preSolution
		HideSolutionNode = FALSE
	EndGlobalSection
	GlobalSection(ExtensibilityGlobals) = postSolution
		SolutionGuid = {251549FB-88C5-4830-A33B-037A4927275F}
	EndGlobalSection
EndGlobal
